Microsoft Visual Studio Solution File, Format Version 11.00
# Visual Studio 2008

Project("{EC892351-89D2-96E2-33CA-0E2E984485C4}") = "Clockwork Conflicts Client", "Assembly-CSharp-firstpass-vs.csproj", "{41C43336-52E0-5AD8-D842-3A6EE7FBC2C2}"
EndProject
Project("{EC892351-89D2-96E2-33CA-0E2E984485C4}") = "Clockwork Conflicts Client", "Assembly-CSharp-vs.csproj", "{791DBEBB-F7C1-26CB-690C-66411D9651B0}"
EndProject
Global
	GlobalSection(SolutionConfigurationPlatforms) = preSolution
		Debug|Any CPU = Debug|Any CPU
		Release|Any CPU = Release|Any CPU
	EndGlobalSection
	GlobalSection(ProjectConfigurationPlatforms) = postSolution
		{41C43336-52E0-5AD8-D842-3A6EE7FBC2C2}.Debug|Any CPU.ActiveCfg = Debug|Any CPU
		{41C43336-52E0-5AD8-D842-3A6EE7FBC2C2}.Debug|Any CPU.Build.0 = Debug|Any CPU
		{41C43336-52E0-5AD8-D842-3A6EE7FBC2C2}.Release|Any CPU.ActiveCfg = Release|Any CPU
		{41C43336-52E0-5AD8-D842-3A6EE7FBC2C2}.Release|Any CPU.Build.0 = Release|Any CPU
		{791DBEBB-F7C1-26CB-690C-66411D9651B0}.Debug|Any CPU.ActiveCfg = Debug|Any CPU
		{791DBEBB-F7C1-26CB-690C-66411D9651B0}.Debug|Any CPU.Build.0 = Debug|Any CPU
		{791DBEBB-F7C1-26CB-690C-66411D9651B0}.Release|Any CPU.ActiveCfg = Release|Any CPU
		{791DBEBB-F7C1-26CB-690C-66411D9651B0}.Release|Any CPU.Build.0 = Release|Any CPU
	EndGlobalSection
	GlobalSection(SolutionProperties) = preSolution
		HideSolutionNode = FALSE
	EndGlobalSection
																																												GlobalSection(MonoDevelopProperties) = preSolution
		StartupItem = Assembly-CSharp.csproj
		Policies = $0
		$0.TextStylePolicy = $1
		$1.inheritsSet = null
		$1.scope = text/x-csharp
		$0.CSharpFormattingPolicy = $2
		$2.inheritsSet = Mono
		$2.inheritsScope = text/x-csharp
		$2.scope = text/x-csharp
		$0.TextStylePolicy = $3
		$3.FileWidth = 120
		$3.TabWidth = 4
		$3.EolMarker = Unix
		$3.inheritsSet = Mono
		$3.inheritsScope = text/plain
		$3.scope = text/plain
	EndGlobalSection

EndGlobal
